
Microsoft Visual Studio Solution File, Format Version 12.00
# Visual Studio Version 16
VisualStudioVersion = 16.0.29920.165
MinimumVisualStudioVersion = 10.0.40219.1
Project("{FAE04EC0-301F-11D3-BF4B-00C04F79EFBC}") = "DistributionModels", "DistributionModels\DistributionModels.csproj", "{D472C390-C1C8-4184-A161-549247A981F3}"
EndProject
Global
	GlobalSection(SolutionConfigurationPlatforms) = preSolution
		Debug|Any CPU = Debug|Any CPU
		Release|Any CPU = Release|Any CPU
	EndGlobalSection
	GlobalSection(ProjectConfigurationPlatforms) = postSolution
		{D472C390-C1C8-4184-A161-549247A981F3}.Debug|Any CPU.ActiveCfg = Debug|Any CPU
		{D472C390-C1C8-4184-A161-549247A981F3}.Debug|Any CPU.Build.0 = Debug|Any CPU
		{D472C390-C1C8-4184-A161-549247A981F3}.Release|Any CPU.ActiveCfg = Release|Any CPU
		{D472C390-C1C8-4184-A161-549247A981F3}.Release|Any CPU.Build.0 = Release|Any CPU
	EndGlobalSection
	GlobalSection(SolutionProperties) = preSolution
		HideSolutionNode = FALSE
	EndGlobalSection
	GlobalSection(ExtensibilityGlobals) = postSolution
		SolutionGuid = {F3419A36-B9A6-43B1-8E09-FFA8CE41FB6E}
	EndGlobalSection
EndGlobal
